// !$*UTF8*$!
{
	archiveVersion = 1;
	classes = {
	};
	objectVersion = 46;
	objects = {

/* Begin PBXBuildFile section */
		4C41F3631CA22A8D006B71FD /* Animation3ViewController.m in Sources */ = {isa = PBXBuildFile; fileRef = 4C41F3621CA22A8D006B71FD /* Animation3ViewController.m */; };
		4C41F3671CA270F9006B71FD /* StatusMessageView.m in Sources */ = {isa = PBXBuildFile; fileRef = 4C41F3661CA270F9006B71FD /* StatusMessageView.m */; };
		4C41F36A1CA2741B006B71FD /* StatusMessageHandle.m in Sources */ = {isa = PBXBuildFile; fileRef = 4C41F3691CA2741B006B71FD /* StatusMessageHandle.m */; };
		4C5053391D07F8E5009423BA /* ExplicitAnimation2ViewController.m in Sources */ = {isa = PBXBuildFile; fileRef = 4C5053381D07F8E5009423BA /* ExplicitAnimation2ViewController.m */; };
		4C50533C1D080632009423BA /* ExplicitAnimation3ViewController.m in Sources */ = {isa = PBXBuildFile; fileRef = 4C50533B1D080632009423BA /* ExplicitAnimation3ViewController.m */; };
		4C50533F1D081559009423BA /* ExplicitAnimation4ViewController.m in Sources */ = {isa = PBXBuildFile; fileRef = 4C50533E1D081559009423BA /* ExplicitAnimation4ViewController.m */; };
		4C5053451D08165B009423BA /* dating@2x.png in Resources */ = {isa = PBXBuildFile; fileRef = 4C5053401D08165B009423BA /* dating@2x.png */; };
		4C5053461D08165B009423BA /* geren@2x.png in Resources */ = {isa = PBXBuildFile; fileRef = 4C5053411D08165B009423BA /* geren@2x.png */; };
		4C5053471D08165B009423BA /* jinhuodan@2x.png in Resources */ = {isa = PBXBuildFile; fileRef = 4C5053421D08165B009423BA /* jinhuodan@2x.png */; };
		4C5053481D08165B009423BA /* qushi@2x.png in Resources */ = {isa = PBXBuildFile; fileRef = 4C5053431D08165B009423BA /* qushi@2x.png */; };
		4C5053491D08165B009423BA /* shouye@2x.png in Resources */ = {isa = PBXBuildFile; fileRef = 4C5053441D08165B009423BA /* shouye@2x.png */; };
		4C51E7171D12A7D3001B90C9 /* TimingAnimation3ViewController.m in Sources */ = {isa = PBXBuildFile; fileRef = 4C51E7161D12A7D3001B90C9 /* TimingAnimation3ViewController.m */; };
		4C6874DD1D0659CB00D2FD6E /* SpecialLayer4ViewController.m in Sources */ = {isa = PBXBuildFile; fileRef = 4C6874DC1D0659CB00D2FD6E /* SpecialLayer4ViewController.m */; };
		4C6874DF1D065A5900D2FD6E /* movie.mp4 in Resources */ = {isa = PBXBuildFile; fileRef = 4C6874DE1D065A5900D2FD6E /* movie.mp4 */; };
		4C6874E11D065A8600D2FD6E /* AVFoundation.framework in Frameworks */ = {isa = PBXBuildFile; fileRef = 4C6874E01D065A8600D2FD6E /* AVFoundation.framework */; };
		4C6874E71D065F9D00D2FD6E /* ImplicitAnimation1ViewController.m in Sources */ = {isa = PBXBuildFile; fileRef = 4C6874E61D065F9D00D2FD6E /* ImplicitAnimation1ViewController.m */; };
		4C6874EA1D06B02100D2FD6E /* ImplicitAnimation2ViewController.m in Sources */ = {isa = PBXBuildFile; fileRef = 4C6874E91D06B02100D2FD6E /* ImplicitAnimation2ViewController.m */; };
		4C6874ED1D06B92400D2FD6E /* ExplicitAnimation1ViewController.m in Sources */ = {isa = PBXBuildFile; fileRef = 4C6874EC1D06B92400D2FD6E /* ExplicitAnimation1ViewController.m */; };
		4C6E9A591C965ECC00692DDC /* main.m in Sources */ = {isa = PBXBuildFile; fileRef = 4C6E9A581C965ECC00692DDC /* main.m */; };
		4C6E9A5C1C965ECC00692DDC /* AppDelegate.m in Sources */ = {isa = PBXBuildFile; fileRef = 4C6E9A5B1C965ECC00692DDC /* AppDelegate.m */; };
		4C6E9A641C965ECC00692DDC /* Assets.xcassets in Resources */ = {isa = PBXBuildFile; fileRef = 4C6E9A631C965ECC00692DDC /* Assets.xcassets */; };
		4C6E9A671C965ECC00692DDC /* LaunchScreen.storyboard in Resources */ = {isa = PBXBuildFile; fileRef = 4C6E9A651C965ECC00692DDC /* LaunchScreen.storyboard */; };
		4C6E9A6F1C96619800692DDC /* CoreGraphics.framework in Frameworks */ = {isa = PBXBuildFile; fileRef = 4C6E9A6E1C96619800692DDC /* CoreGraphics.framework */; };
		4C813D781D0FFC69009D42BC /* door@2x.png in Resources */ = {isa = PBXBuildFile; fileRef = 4C813D771D0FFC69009D42BC /* door@2x.png */; };
		4C813D7B1D0FFD45009D42BC /* TimingAnimation1ViewController.m in Sources */ = {isa = PBXBuildFile; fileRef = 4C813D7A1D0FFD45009D42BC /* TimingAnimation1ViewController.m */; };
		4C813D7E1D100373009D42BC /* TimingAnimation2ViewController.m in Sources */ = {isa = PBXBuildFile; fileRef = 4C813D7D1D100373009D42BC /* TimingAnimation2ViewController.m */; };
		4C871ECE1D051BF800CED472 /* SpecialLayer2ViewController.m in Sources */ = {isa = PBXBuildFile; fileRef = 4C871ECD1D051BF800CED472 /* SpecialLayer2ViewController.m */; };
		4C871ED11D0541CA00CED472 /* ReflectionView.m in Sources */ = {isa = PBXBuildFile; fileRef = 4C871ED01D0541CA00CED472 /* ReflectionView.m */; };
		4C871ED31D054AF100CED472 /* forest.jpg in Resources */ = {isa = PBXBuildFile; fileRef = 4C871ED21D054AF100CED472 /* forest.jpg */; };
		4C871ED61D0553C800CED472 /* ScrollView.m in Sources */ = {isa = PBXBuildFile; fileRef = 4C871ED51D0553C800CED472 /* ScrollView.m */; };
		4C871ED91D0553F300CED472 /* SpecialLayer3ViewController.m in Sources */ = {isa = PBXBuildFile; fileRef = 4C871ED81D0553F300CED472 /* SpecialLayer3ViewController.m */; };
		4C871EDB1D056E8C00CED472 /* star@2x.png in Resources */ = {isa = PBXBuildFile; fileRef = 4C871EDA1D056E8C00CED472 /* star@2x.png */; };
		4C9D467F1D000D3C0063A6E8 /* digits@2x.png in Resources */ = {isa = PBXBuildFile; fileRef = 4C9D467E1D000D3C0063A6E8 /* digits@2x.png */; };
		4CA1842A1D17BC2600AD8E4A /* TimerAnimation1ViewController.m in Sources */ = {isa = PBXBuildFile; fileRef = 4CA184291D17BC2600AD8E4A /* TimerAnimation1ViewController.m */; };
		4CA1842D1D17BEF500AD8E4A /* AnimationMath.c in Sources */ = {isa = PBXBuildFile; fileRef = 4CA1842B1D17BEF500AD8E4A /* AnimationMath.c */; };
		4CC12ACA1CF2D1C200F3E057 /* CoreAnimation1ViewController.m in Sources */ = {isa = PBXBuildFile; fileRef = 4CC12AC91CF2D1C200F3E057 /* CoreAnimation1ViewController.m */; };
		4CC12ACC1CF2D58C00F3E057 /* QuartzCore.framework in Frameworks */ = {isa = PBXBuildFile; fileRef = 4CC12ACB1CF2D58C00F3E057 /* QuartzCore.framework */; };
		4CC12ADB1CF3057600F3E057 /* drinks@2x.png in Resources */ = {isa = PBXBuildFile; fileRef = 4CC12ADA1CF3057600F3E057 /* drinks@2x.png */; };
		4CE471031C9F848500B2836A /* UserManagedObject+CoreDataProperties.m in Sources */ = {isa = PBXBuildFile; fileRef = 4CE470FC1C9F848500B2836A /* UserManagedObject+CoreDataProperties.m */; };
		4CE471041C9F848500B2836A /* UserManagedObject.m in Sources */ = {isa = PBXBuildFile; fileRef = 4CE470FE1C9F848500B2836A /* UserManagedObject.m */; };
		4CE471051C9F848500B2836A /* StatusManagedObject+CoreDataProperties.m in Sources */ = {isa = PBXBuildFile; fileRef = 4CE471001C9F848500B2836A /* StatusManagedObject+CoreDataProperties.m */; };
		4CE471061C9F848500B2836A /* StatusManagedObject.m in Sources */ = {isa = PBXBuildFile; fileRef = 4CE471021C9F848500B2836A /* StatusManagedObject.m */; };
		4CE471091C9F853F00B2836A /* User.m in Sources */ = {isa = PBXBuildFile; fileRef = 4CE471081C9F853F00B2836A /* User.m */; };
		4CE4710C1C9F855100B2836A /* Status.m in Sources */ = {isa = PBXBuildFile; fileRef = 4CE4710B1C9F855100B2836A /* Status.m */; };
		4CE661111CF3F533006E624C /* points@2x.png in Resources */ = {isa = PBXBuildFile; fileRef = 4CE661101CF3F533006E624C /* points@2x.png */; };
		4CE661141CF40594006E624C /* CoreAnimation2ViewController.m in Sources */ = {isa = PBXBuildFile; fileRef = 4CE661131CF40594006E624C /* CoreAnimation2ViewController.m */; };
		4CE661171CF43F70006E624C /* CoreAnimation3ViewController.m in Sources */ = {isa = PBXBuildFile; fileRef = 4CE661161CF43F70006E624C /* CoreAnimation3ViewController.m */; };
		4CEBB8921C9BD79B006E7121 /* Database2ViewController.m in Sources */ = {isa = PBXBuildFile; fileRef = 4CEBB8911C9BD79B006E7121 /* Database2ViewController.m */; };
		4CEBB8BC1C9BEBB1006E7121 /* CoreDataDAO.m in Sources */ = {isa = PBXBuildFile; fileRef = 4CEBB8BB1C9BEBB1006E7121 /* CoreDataDAO.m */; };
		4CEBB8BF1C9BF11B006E7121 /* UserDAO.m in Sources */ = {isa = PBXBuildFile; fileRef = 4CEBB8BE1C9BF11B006E7121 /* UserDAO.m */; };
		4CECDABF1CA13D72006F18C5 /* Animation2ViewController.m in Sources */ = {isa = PBXBuildFile; fileRef = 4CECDABE1CA13D72006F18C5 /* Animation2ViewController.m */; };
		4CEFA3671D0031FF0048E049 /* CoreAnimation5ViewController.m in Sources */ = {isa = PBXBuildFile; fileRef = 4CEFA3661D0031FF0048E049 /* CoreAnimation5ViewController.m */; };
		4CF4028B1D191967005D39D0 /* DrawingView.m in Sources */ = {isa = PBXBuildFile; fileRef = 4CF4028A1D191967005D39D0 /* DrawingView.m */; };
		4CF4028E1D191A28005D39D0 /* CoreAnimation6ViewController.m in Sources */ = {isa = PBXBuildFile; fileRef = 4CF4028D1D191A28005D39D0 /* CoreAnimation6ViewController.m */; };
		4CF402911D192665005D39D0 /* DrawingView1.m in Sources */ = {isa = PBXBuildFile; fileRef = 4CF402901D192665005D39D0 /* DrawingView1.m */; };
		4CF402931D192831005D39D0 /* brush@2x.png in Resources */ = {isa = PBXBuildFile; fileRef = 4CF402921D192831005D39D0 /* brush@2x.png */; };
		4CF5049F1D1B81FE004F2AE3 /* CoreAnimation7ViewController.m in Sources */ = {isa = PBXBuildFile; fileRef = 4CF5049E1D1B81FE004F2AE3 /* CoreAnimation7ViewController.m */; };
		4CF5EA401D26358500E55162 /* GCDViewController.m in Sources */ = {isa = PBXBuildFile; fileRef = 4CF5EA3F1D26358500E55162 /* GCDViewController.m */; };
		4CF5EA431D26398700E55162 /* GCDManager.m in Sources */ = {isa = PBXBuildFile; fileRef = 4CF5EA421D26398700E55162 /* GCDManager.m */; };
		4CF680ED1C9A3782000591DA /* MainViewController.m in Sources */ = {isa = PBXBuildFile; fileRef = 4CF680EC1C9A3782000591DA /* MainViewController.m */; };
		4CF681281C9A3A8A000591DA /* Animation1ViewController.m in Sources */ = {isa = PBXBuildFile; fileRef = 4CF681121C9A3A89000591DA /* Animation1ViewController.m */; };
		4CF6812F1C9A3A8A000591DA /* BaseModel.m in Sources */ = {isa = PBXBuildFile; fileRef = 4CF681231C9A3A8A000591DA /* BaseModel.m */; };
		4CF681301C9A3A8A000591DA /* KVC1ViewController.m in Sources */ = {isa = PBXBuildFile; fileRef = 4CF681251C9A3A8A000591DA /* KVC1ViewController.m */; };
		4CF681311C9A3A8A000591DA /* PersonInfoModel.m in Sources */ = {isa = PBXBuildFile; fileRef = 4CF681271C9A3A8A000591DA /* PersonInfoModel.m */; };
		4CF681371C9A43A4000591DA /* BaseViewController.m in Sources */ = {isa = PBXBuildFile; fileRef = 4CF681361C9A43A4000591DA /* BaseViewController.m */; };
		4CF681481C9A93CE000591DA /* Database1ViewController.m in Sources */ = {isa = PBXBuildFile; fileRef = 4CF6813A1C9A93CE000591DA /* Database1ViewController.m */; };
		4CF681491C9A93CE000591DA /* DDDatabaseCreator.m in Sources */ = {isa = PBXBuildFile; fileRef = 4CF6813C1C9A93CE000591DA /* DDDatabaseCreator.m */; };
		4CF6814A1C9A93CE000591DA /* DDDbManager.m in Sources */ = {isa = PBXBuildFile; fileRef = 4CF6813E1C9A93CE000591DA /* DDDbManager.m */; };
		4CF6814B1C9A93CE000591DA /* DDStatus.m in Sources */ = {isa = PBXBuildFile; fileRef = 4CF681411C9A93CE000591DA /* DDStatus.m */; };
		4CF6814C1C9A93CE000591DA /* DDStatusService.m in Sources */ = {isa = PBXBuildFile; fileRef = 4CF681431C9A93CE000591DA /* DDStatusService.m */; };
		4CF6814D1C9A93CE000591DA /* DDUser.m in Sources */ = {isa = PBXBuildFile; fileRef = 4CF681451C9A93CE000591DA /* DDUser.m */; };
		4CF6814E1C9A93CE000591DA /* DDUserService.m in Sources */ = {isa = PBXBuildFile; fileRef = 4CF681471C9A93CE000591DA /* DDUserService.m */; };
		4CF681521C9A97BD000591DA /* myDatabase.xcdatamodeld in Sources */ = {isa = PBXBuildFile; fileRef = 4CF681501C9A97BD000591DA /* myDatabase.xcdatamodeld */; };
		4CF913A41D13C6CD00897F8A /* TimingAnimation4ViewController.m in Sources */ = {isa = PBXBuildFile; fileRef = 4CF913A31D13C6CD00897F8A /* TimingAnimation4ViewController.m */; };
		4CF913A81D13C7AE00897F8A /* ball@2x.png in Resources */ = {isa = PBXBuildFile; fileRef = 4CF913A71D13C7AE00897F8A /* ball@2x.png */; };
		4CFBF95A1D01555C007541AA /* GLKit.framework in Frameworks */ = {isa = PBXBuildFile; fileRef = 4CFBF9591D01555C007541AA /* GLKit.framework */; };
		4CFBF95D1D0165C7007541AA /* CoreAnimationViewController.m in Sources */ = {isa = PBXBuildFile; fileRef = 4CFBF95C1D0165C7007541AA /* CoreAnimationViewController.m */; };
		4CFBF9631D0168D2007541AA /* SpecialLayer1ViewController.m in Sources */ = {isa = PBXBuildFile; fileRef = 4CFBF9621D0168D2007541AA /* SpecialLayer1ViewController.m */; };
		4CFBF9651D017EBB007541AA /* CoreText.framework in Frameworks */ = {isa = PBXBuildFile; fileRef = 4CFBF9641D017EBB007541AA /* CoreText.framework */; };
		4CFBF9681D018245007541AA /* LayerLabel.m in Sources */ = {isa = PBXBuildFile; fileRef = 4CFBF9671D018245007541AA /* LayerLabel.m */; };
		4CFD12B11CFFDF4B00C9A30C /* personal@2x.png in Resources */ = {isa = PBXBuildFile; fileRef = 4CFD12B01CFFDF4B00C9A30C /* personal@2x.png */; };
		4CFD12B41CFFDF9800C9A30C /* CoreAnimation4ViewController.m in Sources */ = {isa = PBXBuildFile; fileRef = 4CFD12B31CFFDF9800C9A30C /* CoreAnimation4ViewController.m */; };
		4CFDFE9D1C97DFC300293883 /* libsqlite3.tbd in Frameworks */ = {isa = PBXBuildFile; fileRef = 4CFDFE9C1C97DFC300293883 /* libsqlite3.tbd */; };
		7A9F1A7F202999E7009EA3DF /* OperationViewController.m in Sources */ = {isa = PBXBuildFile; fileRef = 7A9F1A7E202999E7009EA3DF /* OperationViewController.m */; };
/* End PBXBuildFile section */

/* Begin PBXFileReference section */
		4C41F3611CA22A8D006B71FD /* Animation3ViewController.h */ = {isa = PBXFileReference; fileEncoding = 4; lastKnownFileType = sourcecode.c.h; path = Animation3ViewController.h; sourceTree = "<group>"; };
		4C41F3621CA22A8D006B71FD /* Animation3ViewController.m */ = {isa = PBXFileReference; fileEncoding = 4; lastKnownFileType = sourcecode.c.objc; path = Animation3ViewController.m; sourceTree = "<group>"; };
		4C41F3641CA26601006B71FD /* StatusMessageProtocol.h */ = {isa = PBXFileReference; fileEncoding = 4; lastKnownFileType = sourcecode.c.h; path = StatusMessageProtocol.h; sourceTree = "<group>"; };
		4C41F3651CA270F9006B71FD /* StatusMessageView.h */ = {isa = PBXFileReference; fileEncoding = 4; lastKnownFileType = sourcecode.c.h; path = StatusMessageView.h; sourceTree = "<group>"; };
		4C41F3661CA270F9006B71FD /* StatusMessageView.m */ = {isa = PBXFileReference; fileEncoding = 4; lastKnownFileType = sourcecode.c.objc; path = StatusMessageView.m; sourceTree = "<group>"; };
		4C41F3681CA2741B006B71FD /* StatusMessageHandle.h */ = {isa = PBXFileReference; fileEncoding = 4; lastKnownFileType = sourcecode.c.h; path = StatusMessageHandle.h; sourceTree = "<group>"; };
		4C41F3691CA2741B006B71FD /* StatusMessageHandle.m */ = {isa = PBXFileReference; fileEncoding = 4; lastKnownFileType = sourcecode.c.objc; path = StatusMessageHandle.m; sourceTree = "<group>"; };
		4C5053371D07F8E5009423BA /* ExplicitAnimation2ViewController.h */ = {isa = PBXFileReference; fileEncoding = 4; lastKnownFileType = sourcecode.c.h; path = ExplicitAnimation2ViewController.h; sourceTree = "<group>"; };
		4C5053381D07F8E5009423BA /* ExplicitAnimation2ViewController.m */ = {isa = PBXFileReference; fileEncoding = 4; lastKnownFileType = sourcecode.c.objc; path = ExplicitAnimation2ViewController.m; sourceTree = "<group>"; };
		4C50533A1D080632009423BA /* ExplicitAnimation3ViewController.h */ = {isa = PBXFileReference; fileEncoding = 4; lastKnownFileType = sourcecode.c.h; path = ExplicitAnimation3ViewController.h; sourceTree = "<group>"; };
		4C50533B1D080632009423BA /* ExplicitAnimation3ViewController.m */ = {isa = PBXFileReference; fileEncoding = 4; lastKnownFileType = sourcecode.c.objc; path = ExplicitAnimation3ViewController.m; sourceTree = "<group>"; };
		4C50533D1D081559009423BA /* ExplicitAnimation4ViewController.h */ = {isa = PBXFileReference; fileEncoding = 4; lastKnownFileType = sourcecode.c.h; path = ExplicitAnimation4ViewController.h; sourceTree = "<group>"; };
		4C50533E1D081559009423BA /* ExplicitAnimation4ViewController.m */ = {isa = PBXFileReference; fileEncoding = 4; lastKnownFileType = sourcecode.c.objc; path = ExplicitAnimation4ViewController.m; sourceTree = "<group>"; };
		4C5053401D08165B009423BA /* dating@2x.png */ = {isa = PBXFileReference; lastKnownFileType = image.png; path = "dating@2x.png"; sourceTree = "<group>"; };
		4C5053411D08165B009423BA /* geren@2x.png */ = {isa = PBXFileReference; lastKnownFileType = image.png; path = "geren@2x.png"; sourceTree = "<group>"; };
		4C5053421D08165B009423BA /* jinhuodan@2x.png */ = {isa = PBXFileReference; lastKnownFileType = image.png; path = "jinhuodan@2x.png"; sourceTree = "<group>"; };
		4C5053431D08165B009423BA /* qushi@2x.png */ = {isa = PBXFileReference; lastKnownFileType = image.png; path = "qushi@2x.png"; sourceTree = "<group>"; };
		4C5053441D08165B009423BA /* shouye@2x.png */ = {isa = PBXFileReference; lastKnownFileType = image.png; path = "shouye@2x.png"; sourceTree = "<group>"; };
		4C51E7151D12A7D3001B90C9 /* TimingAnimation3ViewController.h */ = {isa = PBXFileReference; fileEncoding = 4; lastKnownFileType = sourcecode.c.h; path = TimingAnimation3ViewController.h; sourceTree = "<group>"; };
		4C51E7161D12A7D3001B90C9 /* TimingAnimation3ViewController.m */ = {isa = PBXFileReference; fileEncoding = 4; lastKnownFileType = sourcecode.c.objc; path = TimingAnimation3ViewController.m; sourceTree = "<group>"; };
		4C6874DB1D0659CB00D2FD6E /* SpecialLayer4ViewController.h */ = {isa = PBXFileReference; fileEncoding = 4; lastKnownFileType = sourcecode.c.h; path = SpecialLayer4ViewController.h; sourceTree = "<group>"; };
		4C6874DC1D0659CB00D2FD6E /* SpecialLayer4ViewController.m */ = {isa = PBXFileReference; fileEncoding = 4; lastKnownFileType = sourcecode.c.objc; path = SpecialLayer4ViewController.m; sourceTree = "<group>"; };
		4C6874DE1D065A5900D2FD6E /* movie.mp4 */ = {isa = PBXFileReference; lastKnownFileType = file; path = movie.mp4; sourceTree = "<group>"; };
		4C6874E01D065A8600D2FD6E /* AVFoundation.framework */ = {isa = PBXFileReference; lastKnownFileType = wrapper.framework; name = AVFoundation.framework; path = System/Library/Frameworks/AVFoundation.framework; sourceTree = SDKROOT; };
		4C6874E51D065F9D00D2FD6E /* ImplicitAnimation1ViewController.h */ = {isa = PBXFileReference; fileEncoding = 4; lastKnownFileType = sourcecode.c.h; path = ImplicitAnimation1ViewController.h; sourceTree = "<group>"; };
		4C6874E61D065F9D00D2FD6E /* ImplicitAnimation1ViewController.m */ = {isa = PBXFileReference; fileEncoding = 4; lastKnownFileType = sourcecode.c.objc; path = ImplicitAnimation1ViewController.m; sourceTree = "<group>"; };
		4C6874E81D06B02100D2FD6E /* ImplicitAnimation2ViewController.h */ = {isa = PBXFileReference; fileEncoding = 4; lastKnownFileType = sourcecode.c.h; path = ImplicitAnimation2ViewController.h; sourceTree = "<group>"; };
		4C6874E91D06B02100D2FD6E /* ImplicitAnimation2ViewController.m */ = {isa = PBXFileReference; fileEncoding = 4; lastKnownFileType = sourcecode.c.objc; path = ImplicitAnimation2ViewController.m; sourceTree = "<group>"; };
		4C6874EB1D06B92400D2FD6E /* ExplicitAnimation1ViewController.h */ = {isa = PBXFileReference; fileEncoding = 4; lastKnownFileType = sourcecode.c.h; path = ExplicitAnimation1ViewController.h; sourceTree = "<group>"; };
		4C6874EC1D06B92400D2FD6E /* ExplicitAnimation1ViewController.m */ = {isa = PBXFileReference; fileEncoding = 4; lastKnownFileType = sourcecode.c.objc; path = ExplicitAnimation1ViewController.m; sourceTree = "<group>"; };
		4C6E9A541C965ECC00692DDC /* MyTest.app */ = {isa = PBXFileReference; explicitFileType = wrapper.application; includeInIndex = 0; path = MyTest.app; sourceTree = BUILT_PRODUCTS_DIR; };
		4C6E9A581C965ECC00692DDC /* main.m */ = {isa = PBXFileReference; lastKnownFileType = sourcecode.c.objc; path = main.m; sourceTree = "<group>"; };
		4C6E9A5A1C965ECC00692DDC /* AppDelegate.h */ = {isa = PBXFileReference; lastKnownFileType = sourcecode.c.h; path = AppDelegate.h; sourceTree = "<group>"; };
		4C6E9A5B1C965ECC00692DDC /* AppDelegate.m */ = {isa = PBXFileReference; lastKnownFileType = sourcecode.c.objc; path = AppDelegate.m; sourceTree = "<group>"; };
		4C6E9A631C965ECC00692DDC /* Assets.xcassets */ = {isa = PBXFileReference; lastKnownFileType = folder.assetcatalog; path = Assets.xcassets; sourceTree = "<group>"; };
		4C6E9A661C965ECC00692DDC /* Base */ = {isa = PBXFileReference; lastKnownFileType = file.storyboard; name = Base; path = Base.lproj/LaunchScreen.storyboard; sourceTree = "<group>"; };
		4C6E9A681C965ECC00692DDC /* Info.plist */ = {isa = PBXFileReference; lastKnownFileType = text.plist.xml; path = Info.plist; sourceTree = "<group>"; };
		4C6E9A6E1C96619800692DDC /* CoreGraphics.framework */ = {isa = PBXFileReference; lastKnownFileType = wrapper.framework; name = CoreGraphics.framework; path = System/Library/Frameworks/CoreGraphics.framework; sourceTree = SDKROOT; };
		4C813D771D0FFC69009D42BC /* door@2x.png */ = {isa = PBXFileReference; lastKnownFileType = image.png; path = "door@2x.png"; sourceTree = "<group>"; };
		4C813D791D0FFD45009D42BC /* TimingAnimation1ViewController.h */ = {isa = PBXFileReference; fileEncoding = 4; lastKnownFileType = sourcecode.c.h; path = TimingAnimation1ViewController.h; sourceTree = "<group>"; };
		4C813D7A1D0FFD45009D42BC /* TimingAnimation1ViewController.m */ = {isa = PBXFileReference; fileEncoding = 4; lastKnownFileType = sourcecode.c.objc; path = TimingAnimation1ViewController.m; sourceTree = "<group>"; };
		4C813D7C1D100373009D42BC /* TimingAnimation2ViewController.h */ = {isa = PBXFileReference; fileEncoding = 4; lastKnownFileType = sourcecode.c.h; path = TimingAnimation2ViewController.h; sourceTree = "<group>"; };
		4C813D7D1D100373009D42BC /* TimingAnimation2ViewController.m */ = {isa = PBXFileReference; fileEncoding = 4; lastKnownFileType = sourcecode.c.objc; path = TimingAnimation2ViewController.m; sourceTree = "<group>"; };
		4C871ECC1D051BF800CED472 /* SpecialLayer2ViewController.h */ = {isa = PBXFileReference; fileEncoding = 4; lastKnownFileType = sourcecode.c.h; path = SpecialLayer2ViewController.h; sourceTree = "<group>"; };
		4C871ECD1D051BF800CED472 /* SpecialLayer2ViewController.m */ = {isa = PBXFileReference; fileEncoding = 4; lastKnownFileType = sourcecode.c.objc; path = SpecialLayer2ViewController.m; sourceTree = "<group>"; };
		4C871ECF1D0541CA00CED472 /* ReflectionView.h */ = {isa = PBXFileReference; fileEncoding = 4; lastKnownFileType = sourcecode.c.h; path = ReflectionView.h; sourceTree = "<group>"; };
		4C871ED01D0541CA00CED472 /* ReflectionView.m */ = {isa = PBXFileReference; fileEncoding = 4; lastKnownFileType = sourcecode.c.objc; path = ReflectionView.m; sourceTree = "<group>"; };
		4C871ED21D054AF100CED472 /* forest.jpg */ = {isa = PBXFileReference; lastKnownFileType = image.jpeg; path = forest.jpg; sourceTree = "<group>"; };
		4C871ED41D0553C800CED472 /* ScrollView.h */ = {isa = PBXFileReference; fileEncoding = 4; lastKnownFileType = sourcecode.c.h; path = ScrollView.h; sourceTree = "<group>"; };
		4C871ED51D0553C800CED472 /* ScrollView.m */ = {isa = PBXFileReference; fileEncoding = 4; lastKnownFileType = sourcecode.c.objc; path = ScrollView.m; sourceTree = "<group>"; };
		4C871ED71D0553F300CED472 /* SpecialLayer3ViewController.h */ = {isa = PBXFileReference; fileEncoding = 4; lastKnownFileType = sourcecode.c.h; path = SpecialLayer3ViewController.h; sourceTree = "<group>"; };
		4C871ED81D0553F300CED472 /* SpecialLayer3ViewController.m */ = {isa = PBXFileReference; fileEncoding = 4; lastKnownFileType = sourcecode.c.objc; path = SpecialLayer3ViewController.m; sourceTree = "<group>"; };
		4C871EDA1D056E8C00CED472 /* star@2x.png */ = {isa = PBXFileReference; lastKnownFileType = image.png; path = "star@2x.png"; sourceTree = "<group>"; };
		4C9D467E1D000D3C0063A6E8 /* digits@2x.png */ = {isa = PBXFileReference; lastKnownFileType = image.png; path = "digits@2x.png"; sourceTree = "<group>"; };
		4CA184281D17BC2600AD8E4A /* TimerAnimation1ViewController.h */ = {isa = PBXFileReference; fileEncoding = 4; lastKnownFileType = sourcecode.c.h; path = TimerAnimation1ViewController.h; sourceTree = "<group>"; };
		4CA184291D17BC2600AD8E4A /* TimerAnimation1ViewController.m */ = {isa = PBXFileReference; fileEncoding = 4; lastKnownFileType = sourcecode.c.objc; path = TimerAnimation1ViewController.m; sourceTree = "<group>"; };
		4CA1842B1D17BEF500AD8E4A /* AnimationMath.c */ = {isa = PBXFileReference; fileEncoding = 4; lastKnownFileType = sourcecode.c.c; path = AnimationMath.c; sourceTree = "<group>"; };
		4CA1842C1D17BEF500AD8E4A /* AnimationMath.h */ = {isa = PBXFileReference; fileEncoding = 4; lastKnownFileType = sourcecode.c.h; path = AnimationMath.h; sourceTree = "<group>"; };
		4CC12AC81CF2D1C200F3E057 /* CoreAnimation1ViewController.h */ = {isa = PBXFileReference; fileEncoding = 4; lastKnownFileType = sourcecode.c.h; path = CoreAnimation1ViewController.h; sourceTree = "<group>"; };
		4CC12AC91CF2D1C200F3E057 /* CoreAnimation1ViewController.m */ = {isa = PBXFileReference; fileEncoding = 4; lastKnownFileType = sourcecode.c.objc; path = CoreAnimation1ViewController.m; sourceTree = "<group>"; };
		4CC12ACB1CF2D58C00F3E057 /* QuartzCore.framework */ = {isa = PBXFileReference; lastKnownFileType = wrapper.framework; name = QuartzCore.framework; path = System/Library/Frameworks/QuartzCore.framework; sourceTree = SDKROOT; };
		4CC12ADA1CF3057600F3E057 /* drinks@2x.png */ = {isa = PBXFileReference; lastKnownFileType = image.png; path = "drinks@2x.png"; sourceTree = "<group>"; };
		4CE470FB1C9F848500B2836A /* UserManagedObject+CoreDataProperties.h */ = {isa = PBXFileReference; fileEncoding = 4; lastKnownFileType = sourcecode.c.h; path = "UserManagedObject+CoreDataProperties.h"; sourceTree = "<group>"; };
		4CE470FC1C9F848500B2836A /* UserManagedObject+CoreDataProperties.m */ = {isa = PBXFileReference; fileEncoding = 4; lastKnownFileType = sourcecode.c.objc; path = "UserManagedObject+CoreDataProperties.m"; sourceTree = "<group>"; };
		4CE470FD1C9F848500B2836A /* UserManagedObject.h */ = {isa = PBXFileReference; fileEncoding = 4; lastKnownFileType = sourcecode.c.h; path = UserManagedObject.h; sourceTree = "<group>"; };
		4CE470FE1C9F848500B2836A /* UserManagedObject.m */ = {isa = PBXFileReference; fileEncoding = 4; lastKnownFileType = sourcecode.c.objc; path = UserManagedObject.m; sourceTree = "<group>"; };
		4CE470FF1C9F848500B2836A /* StatusManagedObject+CoreDataProperties.h */ = {isa = PBXFileReference; fileEncoding = 4; lastKnownFileType = sourcecode.c.h; path = "StatusManagedObject+CoreDataProperties.h"; sourceTree = "<group>"; };
		4CE471001C9F848500B2836A /* StatusManagedObject+CoreDataProperties.m */ = {isa = PBXFileReference; fileEncoding = 4; lastKnownFileType = sourcecode.c.objc; path = "StatusManagedObject+CoreDataProperties.m"; sourceTree = "<group>"; };
		4CE471011C9F848500B2836A /* StatusManagedObject.h */ = {isa = PBXFileReference; fileEncoding = 4; lastKnownFileType = sourcecode.c.h; path = StatusManagedObject.h; sourceTree = "<group>"; };
		4CE471021C9F848500B2836A /* StatusManagedObject.m */ = {isa = PBXFileReference; fileEncoding = 4; lastKnownFileType = sourcecode.c.objc; path = StatusManagedObject.m; sourceTree = "<group>"; };
		4CE471071C9F853F00B2836A /* User.h */ = {isa = PBXFileReference; fileEncoding = 4; lastKnownFileType = sourcecode.c.h; path = User.h; sourceTree = "<group>"; };
		4CE471081C9F853F00B2836A /* User.m */ = {isa = PBXFileReference; fileEncoding = 4; lastKnownFileType = sourcecode.c.objc; path = User.m; sourceTree = "<group>"; };
		4CE4710A1C9F855100B2836A /* Status.h */ = {isa = PBXFileReference; fileEncoding = 4; lastKnownFileType = sourcecode.c.h; path = Status.h; sourceTree = "<group>"; };
		4CE4710B1C9F855100B2836A /* Status.m */ = {isa = PBXFileReference; fileEncoding = 4; lastKnownFileType = sourcecode.c.objc; path = Status.m; sourceTree = "<group>"; };
		4CE661101CF3F533006E624C /* points@2x.png */ = {isa = PBXFileReference; lastKnownFileType = image.png; path = "points@2x.png"; sourceTree = "<group>"; };
		4CE661121CF40594006E624C /* CoreAnimation2ViewController.h */ = {isa = PBXFileReference; fileEncoding = 4; lastKnownFileType = sourcecode.c.h; path = CoreAnimation2ViewController.h; sourceTree = "<group>"; };
		4CE661131CF40594006E624C /* CoreAnimation2ViewController.m */ = {isa = PBXFileReference; fileEncoding = 4; lastKnownFileType = sourcecode.c.objc; path = CoreAnimation2ViewController.m; sourceTree = "<group>"; };
		4CE661151CF43F70006E624C /* CoreAnimation3ViewController.h */ = {isa = PBXFileReference; fileEncoding = 4; lastKnownFileType = sourcecode.c.h; path = CoreAnimation3ViewController.h; sourceTree = "<group>"; };
		4CE661161CF43F70006E624C /* CoreAnimation3ViewController.m */ = {isa = PBXFileReference; fileEncoding = 4; lastKnownFileType = sourcecode.c.objc; path = CoreAnimation3ViewController.m; sourceTree = "<group>"; };
		4CEBB8901C9BD79B006E7121 /* Database2ViewController.h */ = {isa = PBXFileReference; fileEncoding = 4; lastKnownFileType = sourcecode.c.h; path = Database2ViewController.h; sourceTree = "<group>"; };
		4CEBB8911C9BD79B006E7121 /* Database2ViewController.m */ = {isa = PBXFileReference; fileEncoding = 4; lastKnownFileType = sourcecode.c.objc; path = Database2ViewController.m; sourceTree = "<group>"; };
		4CEBB8931C9BD81F006E7121 /* Constants.h */ = {isa = PBXFileReference; fileEncoding = 4; lastKnownFileType = sourcecode.c.h; path = Constants.h; sourceTree = "<group>"; };
		4CEBB8BA1C9BEBB1006E7121 /* CoreDataDAO.h */ = {isa = PBXFileReference; fileEncoding = 4; lastKnownFileType = sourcecode.c.h; path = CoreDataDAO.h; sourceTree = "<group>"; };
		4CEBB8BB1C9BEBB1006E7121 /* CoreDataDAO.m */ = {isa = PBXFileReference; fileEncoding = 4; lastKnownFileType = sourcecode.c.objc; path = CoreDataDAO.m; sourceTree = "<group>"; };
		4CEBB8BD1C9BF11B006E7121 /* UserDAO.h */ = {isa = PBXFileReference; fileEncoding = 4; lastKnownFileType = sourcecode.c.h; path = UserDAO.h; sourceTree = "<group>"; };
		4CEBB8BE1C9BF11B006E7121 /* UserDAO.m */ = {isa = PBXFileReference; fileEncoding = 4; lastKnownFileType = sourcecode.c.objc; path = UserDAO.m; sourceTree = "<group>"; };
		4CECDABD1CA13D72006F18C5 /* Animation2ViewController.h */ = {isa = PBXFileReference; fileEncoding = 4; lastKnownFileType = sourcecode.c.h; path = Animation2ViewController.h; sourceTree = "<group>"; };
		4CECDABE1CA13D72006F18C5 /* Animation2ViewController.m */ = {isa = PBXFileReference; fileEncoding = 4; lastKnownFileType = sourcecode.c.objc; path = Animation2ViewController.m; sourceTree = "<group>"; };
		4CEFA3651D0031FF0048E049 /* CoreAnimation5ViewController.h */ = {isa = PBXFileReference; fileEncoding = 4; lastKnownFileType = sourcecode.c.h; path = CoreAnimation5ViewController.h; sourceTree = "<group>"; };
		4CEFA3661D0031FF0048E049 /* CoreAnimation5ViewController.m */ = {isa = PBXFileReference; fileEncoding = 4; lastKnownFileType = sourcecode.c.objc; path = CoreAnimation5ViewController.m; sourceTree = "<group>"; };
		4CF402891D191967005D39D0 /* DrawingView.h */ = {isa = PBXFileReference; fileEncoding = 4; lastKnownFileType = sourcecode.c.h; path = DrawingView.h; sourceTree = "<group>"; };
		4CF4028A1D191967005D39D0 /* DrawingView.m */ = {isa = PBXFileReference; fileEncoding = 4; lastKnownFileType = sourcecode.c.objc; path = DrawingView.m; sourceTree = "<group>"; };
		4CF4028C1D191A28005D39D0 /* CoreAnimation6ViewController.h */ = {isa = PBXFileReference; fileEncoding = 4; lastKnownFileType = sourcecode.c.h; path = CoreAnimation6ViewController.h; sourceTree = "<group>"; };
		4CF4028D1D191A28005D39D0 /* CoreAnimation6ViewController.m */ = {isa = PBXFileReference; fileEncoding = 4; lastKnownFileType = sourcecode.c.objc; path = CoreAnimation6ViewController.m; sourceTree = "<group>"; };
		4CF4028F1D192665005D39D0 /* DrawingView1.h */ = {isa = PBXFileReference; fileEncoding = 4; lastKnownFileType = sourcecode.c.h; path = DrawingView1.h; sourceTree = "<group>"; };
		4CF402901D192665005D39D0 /* DrawingView1.m */ = {isa = PBXFileReference; fileEncoding = 4; lastKnownFileType = sourcecode.c.objc; path = DrawingView1.m; sourceTree = "<group>"; };
		4CF402921D192831005D39D0 /* brush@2x.png */ = {isa = PBXFileReference; lastKnownFileType = image.png; path = "brush@2x.png"; sourceTree = "<group>"; };
		4CF5049D1D1B81FE004F2AE3 /* CoreAnimation7ViewController.h */ = {isa = PBXFileReference; fileEncoding = 4; lastKnownFileType = sourcecode.c.h; path = CoreAnimation7ViewController.h; sourceTree = "<group>"; };
		4CF5049E1D1B81FE004F2AE3 /* CoreAnimation7ViewController.m */ = {isa = PBXFileReference; fileEncoding = 4; lastKnownFileType = sourcecode.c.objc; path = CoreAnimation7ViewController.m; sourceTree = "<group>"; };
		4CF5EA3E1D26358500E55162 /* GCDViewController.h */ = {isa = PBXFileReference; fileEncoding = 4; lastKnownFileType = sourcecode.c.h; path = GCDViewController.h; sourceTree = "<group>"; };
		4CF5EA3F1D26358500E55162 /* GCDViewController.m */ = {isa = PBXFileReference; fileEncoding = 4; lastKnownFileType = sourcecode.c.objc; path = GCDViewController.m; sourceTree = "<group>"; };
		4CF5EA411D26398700E55162 /* GCDManager.h */ = {isa = PBXFileReference; fileEncoding = 4; lastKnownFileType = sourcecode.c.h; path = GCDManager.h; sourceTree = "<group>"; };
		4CF5EA421D26398700E55162 /* GCDManager.m */ = {isa = PBXFileReference; fileEncoding = 4; lastKnownFileType = sourcecode.c.objc; path = GCDManager.m; sourceTree = "<group>"; };
		4CF680EB1C9A3782000591DA /* MainViewController.h */ = {isa = PBXFileReference; fileEncoding = 4; lastKnownFileType = sourcecode.c.h; path = MainViewController.h; sourceTree = "<group>"; };
		4CF680EC1C9A3782000591DA /* MainViewController.m */ = {isa = PBXFileReference; fileEncoding = 4; lastKnownFileType = sourcecode.c.objc; path = MainViewController.m; sourceTree = "<group>"; };
		4CF681111C9A3A89000591DA /* Animation1ViewController.h */ = {isa = PBXFileReference; fileEncoding = 4; lastKnownFileType = sourcecode.c.h; path = Animation1ViewController.h; sourceTree = "<group>"; };
		4CF681121C9A3A89000591DA /* Animation1ViewController.m */ = {isa = PBXFileReference; fileEncoding = 4; lastKnownFileType = sourcecode.c.objc; path = Animation1ViewController.m; sourceTree = "<group>"; };
		4CF681221C9A3A8A000591DA /* BaseModel.h */ = {isa = PBXFileReference; fileEncoding = 4; lastKnownFileType = sourcecode.c.h; path = BaseModel.h; sourceTree = "<group>"; };
		4CF681231C9A3A8A000591DA /* BaseModel.m */ = {isa = PBXFileReference; fileEncoding = 4; lastKnownFileType = sourcecode.c.objc; path = BaseModel.m; sourceTree = "<group>"; };
		4CF681241C9A3A8A000591DA /* KVC1ViewController.h */ = {isa = PBXFileReference; fileEncoding = 4; lastKnownFileType = sourcecode.c.h; path = KVC1ViewController.h; sourceTree = "<group>"; };
		4CF681251C9A3A8A000591DA /* KVC1ViewController.m */ = {isa = PBXFileReference; fileEncoding = 4; lastKnownFileType = sourcecode.c.objc; path = KVC1ViewController.m; sourceTree = "<group>"; };
		4CF681261C9A3A8A000591DA /* PersonInfoModel.h */ = {isa = PBXFileReference; fileEncoding = 4; lastKnownFileType = sourcecode.c.h; path = PersonInfoModel.h; sourceTree = "<group>"; };
		4CF681271C9A3A8A000591DA /* PersonInfoModel.m */ = {isa = PBXFileReference; fileEncoding = 4; lastKnownFileType = sourcecode.c.objc; path = PersonInfoModel.m; sourceTree = "<group>"; };
		4CF681351C9A43A4000591DA /* BaseViewController.h */ = {isa = PBXFileReference; fileEncoding = 4; lastKnownFileType = sourcecode.c.h; path = BaseViewController.h; sourceTree = "<group>"; };
		4CF681361C9A43A4000591DA /* BaseViewController.m */ = {isa = PBXFileReference; fileEncoding = 4; lastKnownFileType = sourcecode.c.objc; path = BaseViewController.m; sourceTree = "<group>"; };
		4CF681391C9A93CE000591DA /* Database1ViewController.h */ = {isa = PBXFileReference; fileEncoding = 4; lastKnownFileType = sourcecode.c.h; path = Database1ViewController.h; sourceTree = "<group>"; };
		4CF6813A1C9A93CE000591DA /* Database1ViewController.m */ = {isa = PBXFileReference; fileEncoding = 4; lastKnownFileType = sourcecode.c.objc; path = Database1ViewController.m; sourceTree = "<group>"; };
		4CF6813B1C9A93CE000591DA /* DDDatabaseCreator.h */ = {isa = PBXFileReference; fileEncoding = 4; lastKnownFileType = sourcecode.c.h; path = DDDatabaseCreator.h; sourceTree = "<group>"; };
		4CF6813C1C9A93CE000591DA /* DDDatabaseCreator.m */ = {isa = PBXFileReference; fileEncoding = 4; lastKnownFileType = sourcecode.c.objc; path = DDDatabaseCreator.m; sourceTree = "<group>"; };
		4CF6813D1C9A93CE000591DA /* DDDbManager.h */ = {isa = PBXFileReference; fileEncoding = 4; lastKnownFileType = sourcecode.c.h; path = DDDbManager.h; sourceTree = "<group>"; };
		4CF6813E1C9A93CE000591DA /* DDDbManager.m */ = {isa = PBXFileReference; fileEncoding = 4; lastKnownFileType = sourcecode.c.objc; path = DDDbManager.m; sourceTree = "<group>"; };
		4CF6813F1C9A93CE000591DA /* DDSingleton.h */ = {isa = PBXFileReference; fileEncoding = 4; lastKnownFileType = sourcecode.c.h; path = DDSingleton.h; sourceTree = "<group>"; };
		4CF681401C9A93CE000591DA /* DDStatus.h */ = {isa = PBXFileReference; fileEncoding = 4; lastKnownFileType = sourcecode.c.h; path = DDStatus.h; sourceTree = "<group>"; };
		4CF681411C9A93CE000591DA /* DDStatus.m */ = {isa = PBXFileReference; fileEncoding = 4; lastKnownFileType = sourcecode.c.objc; path = DDStatus.m; sourceTree = "<group>"; };
		4CF681421C9A93CE000591DA /* DDStatusService.h */ = {isa = PBXFileReference; fileEncoding = 4; lastKnownFileType = sourcecode.c.h; path = DDStatusService.h; sourceTree = "<group>"; };
		4CF681431C9A93CE000591DA /* DDStatusService.m */ = {isa = PBXFileReference; fileEncoding = 4; lastKnownFileType = sourcecode.c.objc; path = DDStatusService.m; sourceTree = "<group>"; };
		4CF681441C9A93CE000591DA /* DDUser.h */ = {isa = PBXFileReference; fileEncoding = 4; lastKnownFileType = sourcecode.c.h; path = DDUser.h; sourceTree = "<group>"; };
		4CF681451C9A93CE000591DA /* DDUser.m */ = {isa = PBXFileReference; fileEncoding = 4; lastKnownFileType = sourcecode.c.objc; path = DDUser.m; sourceTree = "<group>"; };
		4CF681461C9A93CE000591DA /* DDUserService.h */ = {isa = PBXFileReference; fileEncoding = 4; lastKnownFileType = sourcecode.c.h; path = DDUserService.h; sourceTree = "<group>"; };
		4CF681471C9A93CE000591DA /* DDUserService.m */ = {isa = PBXFileReference; fileEncoding = 4; lastKnownFileType = sourcecode.c.objc; path = DDUserService.m; sourceTree = "<group>"; };
		4CF681511C9A97BD000591DA /* myDatabase.xcdatamodel */ = {isa = PBXFileReference; lastKnownFileType = wrapper.xcdatamodel; path = myDatabase.xcdatamodel; sourceTree = "<group>"; };
		4CF913A21D13C6CD00897F8A /* TimingAnimation4ViewController.h */ = {isa = PBXFileReference; fileEncoding = 4; lastKnownFileType = sourcecode.c.h; path = TimingAnimation4ViewController.h; sourceTree = "<group>"; };
		4CF913A31D13C6CD00897F8A /* TimingAnimation4ViewController.m */ = {isa = PBXFileReference; fileEncoding = 4; lastKnownFileType = sourcecode.c.objc; path = TimingAnimation4ViewController.m; sourceTree = "<group>"; };
		4CF913A71D13C7AE00897F8A /* ball@2x.png */ = {isa = PBXFileReference; lastKnownFileType = image.png; path = "ball@2x.png"; sourceTree = "<group>"; };
		4CFBF9591D01555C007541AA /* GLKit.framework */ = {isa = PBXFileReference; lastKnownFileType = wrapper.framework; name = GLKit.framework; path = System/Library/Frameworks/GLKit.framework; sourceTree = SDKROOT; };
		4CFBF95B1D0165C7007541AA /* CoreAnimationViewController.h */ = {isa = PBXFileReference; fileEncoding = 4; lastKnownFileType = sourcecode.c.h; path = CoreAnimationViewController.h; sourceTree = "<group>"; };
		4CFBF95C1D0165C7007541AA /* CoreAnimationViewController.m */ = {isa = PBXFileReference; fileEncoding = 4; lastKnownFileType = sourcecode.c.objc; path = CoreAnimationViewController.m; sourceTree = "<group>"; };
		4CFBF9611D0168D2007541AA /* SpecialLayer1ViewController.h */ = {isa = PBXFileReference; fileEncoding = 4; lastKnownFileType = sourcecode.c.h; path = SpecialLayer1ViewController.h; sourceTree = "<group>"; };
		4CFBF9621D0168D2007541AA /* SpecialLayer1ViewController.m */ = {isa = PBXFileReference; fileEncoding = 4; lastKnownFileType = sourcecode.c.objc; path = SpecialLayer1ViewController.m; sourceTree = "<group>"; };
		4CFBF9641D017EBB007541AA /* CoreText.framework */ = {isa = PBXFileReference; lastKnownFileType = wrapper.framework; name = CoreText.framework; path = System/Library/Frameworks/CoreText.framework; sourceTree = SDKROOT; };
		4CFBF9661D018245007541AA /* LayerLabel.h */ = {isa = PBXFileReference; fileEncoding = 4; lastKnownFileType = sourcecode.c.h; path = LayerLabel.h; sourceTree = "<group>"; };
		4CFBF9671D018245007541AA /* LayerLabel.m */ = {isa = PBXFileReference; fileEncoding = 4; lastKnownFileType = sourcecode.c.objc; path = LayerLabel.m; sourceTree = "<group>"; };
		4CFD12B01CFFDF4B00C9A30C /* personal@2x.png */ = {isa = PBXFileReference; lastKnownFileType = image.png; path = "personal@2x.png"; sourceTree = "<group>"; };
		4CFD12B21CFFDF9800C9A30C /* CoreAnimation4ViewController.h */ = {isa = PBXFileReference; fileEncoding = 4; lastKnownFileType = sourcecode.c.h; path = CoreAnimation4ViewController.h; sourceTree = "<group>"; };
		4CFD12B31CFFDF9800C9A30C /* CoreAnimation4ViewController.m */ = {isa = PBXFileReference; fileEncoding = 4; lastKnownFileType = sourcecode.c.objc; path = CoreAnimation4ViewController.m; sourceTree = "<group>"; };
		4CFDFE9C1C97DFC300293883 /* libsqlite3.tbd */ = {isa = PBXFileReference; lastKnownFileType = "sourcecode.text-based-dylib-definition"; name = libsqlite3.tbd; path = usr/lib/libsqlite3.tbd; sourceTree = SDKROOT; };
		7A9F1A7D202999E7009EA3DF /* OperationViewController.h */ = {isa = PBXFileReference; lastKnownFileType = sourcecode.c.h; path = OperationViewController.h; sourceTree = "<group>"; };
		7A9F1A7E202999E7009EA3DF /* OperationViewController.m */ = {isa = PBXFileReference; lastKnownFileType = sourcecode.c.objc; path = OperationViewController.m; sourceTree = "<group>"; };
/* End PBXFileReference section */

/* Begin PBXFrameworksBuildPhase section */
		4C6E9A511C965ECC00692DDC /* Frameworks */ = {
			isa = PBXFrameworksBuildPhase;
			buildActionMask = 2147483647;
			files = (
				4C6874E11D065A8600D2FD6E /* AVFoundation.framework in Frameworks */,
				4CFBF9651D017EBB007541AA /* CoreText.framework in Frameworks */,
				4CFBF95A1D01555C007541AA /* GLKit.framework in Frameworks */,
				4CFDFE9D1C97DFC300293883 /* libsqlite3.tbd in Frameworks */,
				4C6E9A6F1C96619800692DDC /* CoreGraphics.framework in Frameworks */,
				4CC12ACC1CF2D58C00F3E057 /* QuartzCore.framework in Frameworks */,
			);
			runOnlyForDeploymentPostprocessing = 0;
		};
/* End PBXFrameworksBuildPhase section */

/* Begin PBXGroup section */
		4C6E9A4B1C965ECC00692DDC = {
			isa = PBXGroup;
			children = (
				4C6E9A561C965ECC00692DDC /* MyTest */,
				4C6E9A551C965ECC00692DDC /* Products */,
			);
			sourceTree = "<group>";
		};
		4C6E9A551C965ECC00692DDC /* Products */ = {
			isa = PBXGroup;
			children = (
				4C6E9A541C965ECC00692DDC /* MyTest.app */,
			);
			name = Products;
			sourceTree = "<group>";
		};
		4C6E9A561C965ECC00692DDC /* MyTest */ = {
			isa = PBXGroup;
			children = (
				4C6E9A5A1C965ECC00692DDC /* AppDelegate.h */,
				4C6E9A5B1C965ECC00692DDC /* AppDelegate.m */,
				4CF680EB1C9A3782000591DA /* MainViewController.h */,
				4CF680EC1C9A3782000591DA /* MainViewController.m */,
				4CF681101C9A3A89000591DA /* Animation */,
				4CF681211C9A3A8A000591DA /* KVC */,
				4CF681131C9A3A89000591DA /* Database */,
				4CC12AC71CF2D1A400F3E057 /* CoreAnimation */,
				4CF5EA3D1D26353F00E55162 /* GCD */,
				7A9F1A7C202999AE009EA3DF /* Operation */,
				4C6E9A571C965ECC00692DDC /* Supporting Files */,
				4CF681351C9A43A4000591DA /* BaseViewController.h */,
				4CF681361C9A43A4000591DA /* BaseViewController.m */,
				4CEBB8931C9BD81F006E7121 /* Constants.h */,
				4C6E9A631C965ECC00692DDC /* Assets.xcassets */,
				4C6E9A651C965ECC00692DDC /* LaunchScreen.storyboard */,
				4C6E9A681C965ECC00692DDC /* Info.plist */,
				4CBA69E21D6BDBB600AAC822 /* Frameworks */,
				4CC12ACD1CF2F11200F3E057 /* Images */,
			);
			path = MyTest;
			sourceTree = "<group>";
		};
		4C6E9A571C965ECC00692DDC /* Supporting Files */ = {
			isa = PBXGroup;
			children = (
				4C6E9A581C965ECC00692DDC /* main.m */,
			);
			name = "Supporting Files";
			sourceTree = "<group>";
		};
		4CBA69E21D6BDBB600AAC822 /* Frameworks */ = {
			isa = PBXGroup;
			children = (
				4C6874E01D065A8600D2FD6E /* AVFoundation.framework */,
				4CFBF9641D017EBB007541AA /* CoreText.framework */,
				4CFBF9591D01555C007541AA /* GLKit.framework */,
				4CFDFE9C1C97DFC300293883 /* libsqlite3.tbd */,
				4C6E9A6E1C96619800692DDC /* CoreGraphics.framework */,
				4CC12ACB1CF2D58C00F3E057 /* QuartzCore.framework */,
			);
			path = Frameworks;
			sourceTree = "<group>";
		};
		4CC12AC71CF2D1A400F3E057 /* CoreAnimation */ = {
			isa = PBXGroup;
			children = (
				4CFBF95B1D0165C7007541AA /* CoreAnimationViewController.h */,
				4CFBF95C1D0165C7007541AA /* CoreAnimationViewController.m */,
				4CC12AC81CF2D1C200F3E057 /* CoreAnimation1ViewController.h */,
				4CC12AC91CF2D1C200F3E057 /* CoreAnimation1ViewController.m */,
				4CE661121CF40594006E624C /* CoreAnimation2ViewController.h */,
				4CE661131CF40594006E624C /* CoreAnimation2ViewController.m */,
				4CE661151CF43F70006E624C /* CoreAnimation3ViewController.h */,
				4CE661161CF43F70006E624C /* CoreAnimation3ViewController.m */,
				4CFD12B21CFFDF9800C9A30C /* CoreAnimation4ViewController.h */,
				4CFD12B31CFFDF9800C9A30C /* CoreAnimation4ViewController.m */,
				4CEFA3651D0031FF0048E049 /* CoreAnimation5ViewController.h */,
				4CEFA3661D0031FF0048E049 /* CoreAnimation5ViewController.m */,
				4CF4028C1D191A28005D39D0 /* CoreAnimation6ViewController.h */,
				4CF4028D1D191A28005D39D0 /* CoreAnimation6ViewController.m */,
				4CF402891D191967005D39D0 /* DrawingView.h */,
				4CF4028A1D191967005D39D0 /* DrawingView.m */,
				4CF4028F1D192665005D39D0 /* DrawingView1.h */,
				4CF402901D192665005D39D0 /* DrawingView1.m */,
				4CF5049D1D1B81FE004F2AE3 /* CoreAnimation7ViewController.h */,
				4CF5049E1D1B81FE004F2AE3 /* CoreAnimation7ViewController.m */,
				4CFBF9611D0168D2007541AA /* SpecialLayer1ViewController.h */,
				4CFBF9621D0168D2007541AA /* SpecialLayer1ViewController.m */,
				4CFBF9661D018245007541AA /* LayerLabel.h */,
				4CFBF9671D018245007541AA /* LayerLabel.m */,
				4C871ECC1D051BF800CED472 /* SpecialLayer2ViewController.h */,
				4C871ECD1D051BF800CED472 /* SpecialLayer2ViewController.m */,
				4C871ECF1D0541CA00CED472 /* ReflectionView.h */,
				4C871ED01D0541CA00CED472 /* ReflectionView.m */,
				4C871ED71D0553F300CED472 /* SpecialLayer3ViewController.h */,
				4C871ED81D0553F300CED472 /* SpecialLayer3ViewController.m */,
				4C871ED41D0553C800CED472 /* ScrollView.h */,
				4C871ED51D0553C800CED472 /* ScrollView.m */,
				4C6874DB1D0659CB00D2FD6E /* SpecialLayer4ViewController.h */,
				4C6874DC1D0659CB00D2FD6E /* SpecialLayer4ViewController.m */,
				4C6874E51D065F9D00D2FD6E /* ImplicitAnimation1ViewController.h */,
				4C6874E61D065F9D00D2FD6E /* ImplicitAnimation1ViewController.m */,
				4C6874E81D06B02100D2FD6E /* ImplicitAnimation2ViewController.h */,
				4C6874E91D06B02100D2FD6E /* ImplicitAnimation2ViewController.m */,
				4C6874EB1D06B92400D2FD6E /* ExplicitAnimation1ViewController.h */,
				4C6874EC1D06B92400D2FD6E /* ExplicitAnimation1ViewController.m */,
				4C5053371D07F8E5009423BA /* ExplicitAnimation2ViewController.h */,
				4C5053381D07F8E5009423BA /* ExplicitAnimation2ViewController.m */,
				4C50533A1D080632009423BA /* ExplicitAnimation3ViewController.h */,
				4C50533B1D080632009423BA /* ExplicitAnimation3ViewController.m */,
				4C50533D1D081559009423BA /* ExplicitAnimation4ViewController.h */,
				4C50533E1D081559009423BA /* ExplicitAnimation4ViewController.m */,
				4C813D791D0FFD45009D42BC /* TimingAnimation1ViewController.h */,
				4C813D7A1D0FFD45009D42BC /* TimingAnimation1ViewController.m */,
				4C813D7C1D100373009D42BC /* TimingAnimation2ViewController.h */,
				4C813D7D1D100373009D42BC /* TimingAnimation2ViewController.m */,
				4C51E7151D12A7D3001B90C9 /* TimingAnimation3ViewController.h */,
				4C51E7161D12A7D3001B90C9 /* TimingAnimation3ViewController.m */,
				4CF913A21D13C6CD00897F8A /* TimingAnimation4ViewController.h */,
				4CF913A31D13C6CD00897F8A /* TimingAnimation4ViewController.m */,
				4CA184281D17BC2600AD8E4A /* TimerAnimation1ViewController.h */,
				4CA184291D17BC2600AD8E4A /* TimerAnimation1ViewController.m */,
				4CA1842C1D17BEF500AD8E4A /* AnimationMath.h */,
				4CA1842B1D17BEF500AD8E4A /* AnimationMath.c */,
			);
			path = CoreAnimation;
			sourceTree = "<group>";
		};
		4CC12ACD1CF2F11200F3E057 /* Images */ = {
			isa = PBXGroup;
			children = (
				4CF402921D192831005D39D0 /* brush@2x.png */,
				4CF913A71D13C7AE00897F8A /* ball@2x.png */,
				4C813D771D0FFC69009D42BC /* door@2x.png */,
				4C6874DE1D065A5900D2FD6E /* movie.mp4 */,
				4C871EDA1D056E8C00CED472 /* star@2x.png */,
				4C871ED21D054AF100CED472 /* forest.jpg */,
				4C9D467E1D000D3C0063A6E8 /* digits@2x.png */,
				4CFD12B01CFFDF4B00C9A30C /* personal@2x.png */,
				4CC12ADA1CF3057600F3E057 /* drinks@2x.png */,
				4CE661101CF3F533006E624C /* points@2x.png */,
				4C5053441D08165B009423BA /* shouye@2x.png */,
				4C5053401D08165B009423BA /* dating@2x.png */,
				4C5053431D08165B009423BA /* qushi@2x.png */,
				4C5053421D08165B009423BA /* jinhuodan@2x.png */,
				4C5053411D08165B009423BA /* geren@2x.png */,
			);
			path = Images;
			sourceTree = "<group>";
		};
		4CF5EA3D1D26353F00E55162 /* GCD */ = {
			isa = PBXGroup;
			children = (
				4CF5EA3E1D26358500E55162 /* GCDViewController.h */,
				4CF5EA3F1D26358500E55162 /* GCDViewController.m */,
				4CF5EA411D26398700E55162 /* GCDManager.h */,
				4CF5EA421D26398700E55162 /* GCDManager.m */,
			);
			path = GCD;
			sourceTree = "<group>";
		};
		4CF681101C9A3A89000591DA /* Animation */ = {
			isa = PBXGroup;
			children = (
				4CF681111C9A3A89000591DA /* Animation1ViewController.h */,
				4CF681121C9A3A89000591DA /* Animation1ViewController.m */,
				4CECDABD1CA13D72006F18C5 /* Animation2ViewController.h */,
				4CECDABE1CA13D72006F18C5 /* Animation2ViewController.m */,
				4C41F3611CA22A8D006B71FD /* Animation3ViewController.h */,
				4C41F3621CA22A8D006B71FD /* Animation3ViewController.m */,
				4C41F3641CA26601006B71FD /* StatusMessageProtocol.h */,
				4C41F3681CA2741B006B71FD /* StatusMessageHandle.h */,
				4C41F3691CA2741B006B71FD /* StatusMessageHandle.m */,
				4C41F3651CA270F9006B71FD /* StatusMessageView.h */,
				4C41F3661CA270F9006B71FD /* StatusMessageView.m */,
			);
			path = Animation;
			sourceTree = "<group>";
		};
		4CF681131C9A3A89000591DA /* Database */ = {
			isa = PBXGroup;
			children = (
				4CF681381C9A93CE000591DA /* Sqlite */,
				4CF6814F1C9A9722000591DA /* CoreData */,
			);
			path = Database;
			sourceTree = "<group>";
		};
		4CF681211C9A3A8A000591DA /* KVC */ = {
			isa = PBXGroup;
			children = (
				4CF681241C9A3A8A000591DA /* KVC1ViewController.h */,
				4CF681251C9A3A8A000591DA /* KVC1ViewController.m */,
				4CF681221C9A3A8A000591DA /* BaseModel.h */,
				4CF681231C9A3A8A000591DA /* BaseModel.m */,
				4CF681261C9A3A8A000591DA /* PersonInfoModel.h */,
				4CF681271C9A3A8A000591DA /* PersonInfoModel.m */,
			);
			path = KVC;
			sourceTree = "<group>";
		};
		4CF681381C9A93CE000591DA /* Sqlite */ = {
			isa = PBXGroup;
			children = (
				4CF681391C9A93CE000591DA /* Database1ViewController.h */,
				4CF6813A1C9A93CE000591DA /* Database1ViewController.m */,
				4CF6813B1C9A93CE000591DA /* DDDatabaseCreator.h */,
				4CF6813C1C9A93CE000591DA /* DDDatabaseCreator.m */,
				4CF6813D1C9A93CE000591DA /* DDDbManager.h */,
				4CF6813E1C9A93CE000591DA /* DDDbManager.m */,
				4CF6813F1C9A93CE000591DA /* DDSingleton.h */,
				4CF681401C9A93CE000591DA /* DDStatus.h */,
				4CF681411C9A93CE000591DA /* DDStatus.m */,
				4CF681421C9A93CE000591DA /* DDStatusService.h */,
				4CF681431C9A93CE000591DA /* DDStatusService.m */,
				4CF681441C9A93CE000591DA /* DDUser.h */,
				4CF681451C9A93CE000591DA /* DDUser.m */,
				4CF681461C9A93CE000591DA /* DDUserService.h */,
				4CF681471C9A93CE000591DA /* DDUserService.m */,
			);
			path = Sqlite;
			sourceTree = "<group>";
		};
		4CF6814F1C9A9722000591DA /* CoreData */ = {
			isa = PBXGroup;
			children = (
				4CEBB8901C9BD79B006E7121 /* Database2ViewController.h */,
				4CEBB8911C9BD79B006E7121 /* Database2ViewController.m */,
				4CEBB8BA1C9BEBB1006E7121 /* CoreDataDAO.h */,
				4CEBB8BB1C9BEBB1006E7121 /* CoreDataDAO.m */,
				4CEBB8BD1C9BF11B006E7121 /* UserDAO.h */,
				4CEBB8BE1C9BF11B006E7121 /* UserDAO.m */,
				4CF681501C9A97BD000591DA /* myDatabase.xcdatamodeld */,
				4CE470FB1C9F848500B2836A /* UserManagedObject+CoreDataProperties.h */,
				4CE470FC1C9F848500B2836A /* UserManagedObject+CoreDataProperties.m */,
				4CE470FD1C9F848500B2836A /* UserManagedObject.h */,
				4CE470FE1C9F848500B2836A /* UserManagedObject.m */,
				4CE470FF1C9F848500B2836A /* StatusManagedObject+CoreDataProperties.h */,
				4CE471001C9F848500B2836A /* StatusManagedObject+CoreDataProperties.m */,
				4CE471011C9F848500B2836A /* StatusManagedObject.h */,
				4CE471021C9F848500B2836A /* StatusManagedObject.m */,
				4CE471071C9F853F00B2836A /* User.h */,
				4CE471081C9F853F00B2836A /* User.m */,
				4CE4710A1C9F855100B2836A /* Status.h */,
				4CE4710B1C9F855100B2836A /* Status.m */,
			);
			path = CoreData;
			sourceTree = "<group>";
		};
		7A9F1A7C202999AE009EA3DF /* Operation */ = {
			isa = PBXGroup;
			children = (
				7A9F1A7D202999E7009EA3DF /* OperationViewController.h */,
				7A9F1A7E202999E7009EA3DF /* OperationViewController.m */,
			);
			path = Operation;
			sourceTree = "<group>";
		};
/* End PBXGroup section */

/* Begin PBXNativeTarget section */
		4C6E9A531C965ECC00692DDC /* MyTest */ = {
			isa = PBXNativeTarget;
			buildConfigurationList = 4C6E9A6B1C965ECC00692DDC /* Build configuration list for PBXNativeTarget "MyTest" */;
			buildPhases = (
				4C6E9A501C965ECC00692DDC /* Sources */,
				4C6E9A511C965ECC00692DDC /* Frameworks */,
				4C6E9A521C965ECC00692DDC /* Resources */,
			);
			buildRules = (
			);
			dependencies = (
			);
			name = MyTest;
			productName = MyTest;
			productReference = 4C6E9A541C965ECC00692DDC /* MyTest.app */;
			productType = "com.apple.product-type.application";
		};
/* End PBXNativeTarget section */

/* Begin PBXProject section */
		4C6E9A4C1C965ECC00692DDC /* Project object */ = {
			isa = PBXProject;
			attributes = {
				LastUpgradeCheck = 0920;
				ORGANIZATIONNAME = Spark;
				TargetAttributes = {
					4C6E9A531C965ECC00692DDC = {
						CreatedOnToolsVersion = 7.2;
					};
				};
			};
			buildConfigurationList = 4C6E9A4F1C965ECC00692DDC /* Build configuration list for PBXProject "MyTest" */;
			compatibilityVersion = "Xcode 3.2";
			developmentRegion = English;
			hasScannedForEncodings = 0;
			knownRegions = (
				en,
				Base,
			);
			mainGroup = 4C6E9A4B1C965ECC00692DDC;
			productRefGroup = 4C6E9A551C965ECC00692DDC /* Products */;
			projectDirPath = "";
			projectRoot = "";
			targets = (
				4C6E9A531C965ECC00692DDC /* MyTest */,
			);
		};
/* End PBXProject section */

/* Begin PBXResourcesBuildPhase section */
		4C6E9A521C965ECC00692DDC /* Resources */ = {
			isa = PBXResourcesBuildPhase;
			buildActionMask = 2147483647;
			files = (
				4C871ED31D054AF100CED472 /* forest.jpg in Resources */,
				4C5053481D08165B009423BA /* qushi@2x.png in Resources */,
				4C5053471D08165B009423BA /* jinhuodan@2x.png in Resources */,
				4CF913A81D13C7AE00897F8A /* ball@2x.png in Resources */,
				4C5053451D08165B009423BA /* dating@2x.png in Resources */,
				4CFD12B11CFFDF4B00C9A30C /* personal@2x.png in Resources */,
				4C5053491D08165B009423BA /* shouye@2x.png in Resources */,
				4C6874DF1D065A5900D2FD6E /* movie.mp4 in Resources */,
				4C5053461D08165B009423BA /* geren@2x.png in Resources */,
				4C813D781D0FFC69009D42BC /* door@2x.png in Resources */,
				4C871EDB1D056E8C00CED472 /* star@2x.png in Resources */,
				4CF402931D192831005D39D0 /* brush@2x.png in Resources */,
				4C6E9A671C965ECC00692DDC /* LaunchScreen.storyboard in Resources */,
				4C6E9A641C965ECC00692DDC /* Assets.xcassets in Resources */,
				4CC12ADB1CF3057600F3E057 /* drinks@2x.png in Resources */,
				4C9D467F1D000D3C0063A6E8 /* digits@2x.png in Resources */,
				4CE661111CF3F533006E624C /* points@2x.png in Resources */,
			);
			runOnlyForDeploymentPostprocessing = 0;
		};
/* End PBXResourcesBuildPhase section */

/* Begin PBXSourcesBuildPhase section */
		4C6E9A501C965ECC00692DDC /* Sources */ = {
			isa = PBXSourcesBuildPhase;
			buildActionMask = 2147483647;
			files = (
				4CA1842D1D17BEF500AD8E4A /* AnimationMath.c in Sources */,
				4CEBB8921C9BD79B006E7121 /* Database2ViewController.m in Sources */,
				4CF681481C9A93CE000591DA /* Database1ViewController.m in Sources */,
				4C813D7B1D0FFD45009D42BC /* TimingAnimation1ViewController.m in Sources */,
				4CF5EA401D26358500E55162 /* GCDViewController.m in Sources */,
				4CECDABF1CA13D72006F18C5 /* Animation2ViewController.m in Sources */,
				4C871ECE1D051BF800CED472 /* SpecialLayer2ViewController.m in Sources */,
				4CF681371C9A43A4000591DA /* BaseViewController.m in Sources */,
				4CF4028E1D191A28005D39D0 /* CoreAnimation6ViewController.m in Sources */,
				4CF402911D192665005D39D0 /* DrawingView1.m in Sources */,
				4CEFA3671D0031FF0048E049 /* CoreAnimation5ViewController.m in Sources */,
				4CF6814A1C9A93CE000591DA /* DDDbManager.m in Sources */,
				4C6874E71D065F9D00D2FD6E /* ImplicitAnimation1ViewController.m in Sources */,
				4CF6812F1C9A3A8A000591DA /* BaseModel.m in Sources */,
				4C41F36A1CA2741B006B71FD /* StatusMessageHandle.m in Sources */,
				4C50533F1D081559009423BA /* ExplicitAnimation4ViewController.m in Sources */,
				4CF4028B1D191967005D39D0 /* DrawingView.m in Sources */,
				4C871ED61D0553C800CED472 /* ScrollView.m in Sources */,
				4CFD12B41CFFDF9800C9A30C /* CoreAnimation4ViewController.m in Sources */,
				4C813D7E1D100373009D42BC /* TimingAnimation2ViewController.m in Sources */,
				4C5053391D07F8E5009423BA /* ExplicitAnimation2ViewController.m in Sources */,
				4CE661141CF40594006E624C /* CoreAnimation2ViewController.m in Sources */,
				4C6874EA1D06B02100D2FD6E /* ImplicitAnimation2ViewController.m in Sources */,
				4C871ED11D0541CA00CED472 /* ReflectionView.m in Sources */,
				4C50533C1D080632009423BA /* ExplicitAnimation3ViewController.m in Sources */,
				4CF913A41D13C6CD00897F8A /* TimingAnimation4ViewController.m in Sources */,
				4C51E7171D12A7D3001B90C9 /* TimingAnimation3ViewController.m in Sources */,
				4C871ED91D0553F300CED472 /* SpecialLayer3ViewController.m in Sources */,
				4CF681311C9A3A8A000591DA /* PersonInfoModel.m in Sources */,
				4C41F3631CA22A8D006B71FD /* Animation3ViewController.m in Sources */,
				4CE471051C9F848500B2836A /* StatusManagedObject+CoreDataProperties.m in Sources */,
				4CF6814B1C9A93CE000591DA /* DDStatus.m in Sources */,
				4CE471091C9F853F00B2836A /* User.m in Sources */,
				4CF5049F1D1B81FE004F2AE3 /* CoreAnimation7ViewController.m in Sources */,
				7A9F1A7F202999E7009EA3DF /* OperationViewController.m in Sources */,
				4C6874DD1D0659CB00D2FD6E /* SpecialLayer4ViewController.m in Sources */,
				4C6E9A5C1C965ECC00692DDC /* AppDelegate.m in Sources */,
				4CF681281C9A3A8A000591DA /* Animation1ViewController.m in Sources */,
				4CA1842A1D17BC2600AD8E4A /* TimerAnimation1ViewController.m in Sources */,
				4CF680ED1C9A3782000591DA /* MainViewController.m in Sources */,
				4CFBF9631D0168D2007541AA /* SpecialLayer1ViewController.m in Sources */,
				4CEBB8BC1C9BEBB1006E7121 /* CoreDataDAO.m in Sources */,
				4CE471031C9F848500B2836A /* UserManagedObject+CoreDataProperties.m in Sources */,
				4C6E9A591C965ECC00692DDC /* main.m in Sources */,
				4CF681521C9A97BD000591DA /* myDatabase.xcdatamodeld in Sources */,
				4CFBF9681D018245007541AA /* LayerLabel.m in Sources */,
				4CE661171CF43F70006E624C /* CoreAnimation3ViewController.m in Sources */,
				4C41F3671CA270F9006B71FD /* StatusMessageView.m in Sources */,
				4CF6814E1C9A93CE000591DA /* DDUserService.m in Sources */,
				4CF5EA431D26398700E55162 /* GCDManager.m in Sources */,
				4CEBB8BF1C9BF11B006E7121 /* UserDAO.m in Sources */,
				4CC12ACA1CF2D1C200F3E057 /* CoreAnimation1ViewController.m in Sources */,
				4CFBF95D1D0165C7007541AA /* CoreAnimationViewController.m in Sources */,
				4CE4710C1C9F855100B2836A /* Status.m in Sources */,
				4CF6814D1C9A93CE000591DA /* DDUser.m in Sources */,
				4CE471041C9F848500B2836A /* UserManagedObject.m in Sources */,
				4C6874ED1D06B92400D2FD6E /* ExplicitAnimation1ViewController.m in Sources */,
				4CF681301C9A3A8A000591DA /* KVC1ViewController.m in Sources */,
				4CF681491C9A93CE000591DA /* DDDatabaseCreator.m in Sources */,
				4CF6814C1C9A93CE000591DA /* DDStatusService.m in Sources */,
				4CE471061C9F848500B2836A /* StatusManagedObject.m in Sources */,
			);
			runOnlyForDeploymentPostprocessing = 0;
		};
/* End PBXSourcesBuildPhase section */

/* Begin PBXVariantGroup section */
		4C6E9A651C965ECC00692DDC /* LaunchScreen.storyboard */ = {
			isa = PBXVariantGroup;
			children = (
				4C6E9A661C965ECC00692DDC /* Base */,
			);
			name = LaunchScreen.storyboard;
			sourceTree = "<group>";
		};
/* End PBXVariantGroup section */

/* Begin XCBuildConfiguration section */
		4C6E9A691C965ECC00692DDC /* Debug */ = {
			isa = XCBuildConfiguration;
			buildSettings = {
				ALWAYS_SEARCH_USER_PATHS = NO;
				CLANG_CXX_LANGUAGE_STANDARD = "gnu++0x";
				CLANG_CXX_LIBRARY = "libc++";
				CLANG_ENABLE_MODULES = YES;
				CLANG_ENABLE_OBJC_ARC = YES;
				CLANG_WARN_BLOCK_CAPTURE_AUTORELEASING = YES;
				CLANG_WARN_BOOL_CONVERSION = YES;
				CLANG_WARN_COMMA = YES;
				CLANG_WARN_CONSTANT_CONVERSION = YES;
				CLANG_WARN_DIRECT_OBJC_ISA_USAGE = YES_ERROR;
				CLANG_WARN_EMPTY_BODY = YES;
				CLANG_WARN_ENUM_CONVERSION = YES;
				CLANG_WARN_INFINITE_RECURSION = YES;
				CLANG_WARN_INT_CONVERSION = YES;
				CLANG_WARN_NON_LITERAL_NULL_CONVERSION = YES;
				CLANG_WARN_OBJC_LITERAL_CONVERSION = YES;
				CLANG_WARN_OBJC_ROOT_CLASS = YES_ERROR;
				CLANG_WARN_RANGE_LOOP_ANALYSIS = YES;
				CLANG_WARN_STRICT_PROTOTYPES = YES;
				CLANG_WARN_SUSPICIOUS_MOVE = YES;
				CLANG_WARN_UNREACHABLE_CODE = YES;
				CLANG_WARN__DUPLICATE_METHOD_MATCH = YES;
				"CODE_SIGN_IDENTITY[sdk=iphoneos*]" = "iPhone Developer";
				COPY_PHASE_STRIP = NO;
				DEBUG_INFORMATION_FORMAT = dwarf;
				ENABLE_STRICT_OBJC_MSGSEND = YES;
				ENABLE_TESTABILITY = YES;
				GCC_C_LANGUAGE_STANDARD = gnu99;
				GCC_DYNAMIC_NO_PIC = NO;
				GCC_NO_COMMON_BLOCKS = YES;
				GCC_OPTIMIZATION_LEVEL = 0;
				GCC_PREPROCESSOR_DEFINITIONS = (
					"DEBUG=1",
					"$(inherited)",
				);
				GCC_WARN_64_TO_32_BIT_CONVERSION = YES;
				GCC_WARN_ABOUT_RETURN_TYPE = YES_ERROR;
				GCC_WARN_UNDECLARED_SELECTOR = YES;
				GCC_WARN_UNINITIALIZED_AUTOS = YES_AGGRESSIVE;
				GCC_WARN_UNUSED_FUNCTION = YES;
				GCC_WARN_UNUSED_VARIABLE = YES;
				IPHONEOS_DEPLOYMENT_TARGET = 8.0;
				MTL_ENABLE_DEBUG_INFO = YES;
				ONLY_ACTIVE_ARCH = YES;
				SDKROOT = iphoneos;
			};
			name = Debug;
		};
		4C6E9A6A1C965ECC00692DDC /* Release */ = {
			isa = XCBuildConfiguration;
			buildSettings = {
				ALWAYS_SEARCH_USER_PATHS = NO;
				CLANG_CXX_LANGUAGE_STANDARD = "gnu++0x";
				CLANG_CXX_LIBRARY = "libc++";
				CLANG_ENABLE_MODULES = YES;
				CLANG_ENABLE_OBJC_ARC = YES;
				CLANG_WARN_BLOCK_CAPTURE_AUTORELEASING = YES;
				CLANG_WARN_BOOL_CONVERSION = YES;
				CLANG_WARN_COMMA = YES;
				CLANG_WARN_CONSTANT_CONVERSION = YES;
				CLANG_WARN_DIRECT_OBJC_ISA_USAGE = YES_ERROR;
				CLANG_WARN_EMPTY_BODY = YES;
				CLANG_WARN_ENUM_CONVERSION = YES;
				CLANG_WARN_INFINITE_RECURSION = YES;
				CLANG_WARN_INT_CONVERSION = YES;
				CLANG_WARN_NON_LITERAL_NULL_CONVERSION = YES;
				CLANG_WARN_OBJC_LITERAL_CONVERSION = YES;
				CLANG_WARN_OBJC_ROOT_CLASS = YES_ERROR;
				CLANG_WARN_RANGE_LOOP_ANALYSIS = YES;
				CLANG_WARN_STRICT_PROTOTYPES = YES;
				CLANG_WARN_SUSPICIOUS_MOVE = YES;
				CLANG_WARN_UNREACHABLE_CODE = YES;
				CLANG_WARN__DUPLICATE_METHOD_MATCH = YES;
				"CODE_SIGN_IDENTITY[sdk=iphoneos*]" = "iPhone Developer";
				COPY_PHASE_STRIP = NO;
				DEBUG_INFORMATION_FORMAT = "dwarf-with-dsym";
				ENABLE_NS_ASSERTIONS = NO;
				ENABLE_STRICT_OBJC_MSGSEND = YES;
				GCC_C_LANGUAGE_STANDARD = gnu99;
				GCC_NO_COMMON_BLOCKS = YES;
				GCC_WARN_64_TO_32_BIT_CONVERSION = YES;
				GCC_WARN_ABOUT_RETURN_TYPE = YES_ERROR;
				GCC_WARN_UNDECLARED_SELECTOR = YES;
				GCC_WARN_UNINITIALIZED_AUTOS = YES_AGGRESSIVE;
				GCC_WARN_UNUSED_FUNCTION = YES;
				GCC_WARN_UNUSED_VARIABLE = YES;
				IPHONEOS_DEPLOYMENT_TARGET = 8.0;
				MTL_ENABLE_DEBUG_INFO = NO;
				SDKROOT = iphoneos;
				VALIDATE_PRODUCT = YES;
			};
			name = Release;
		};
		4C6E9A6C1C965ECC00692DDC /* Debug */ = {
			isa = XCBuildConfiguration;
			buildSettings = {
				ASSETCATALOG_COMPILER_APPICON_NAME = AppIcon;
				INFOPLIST_FILE = MyTest/Info.plist;
				IPHONEOS_DEPLOYMENT_TARGET = 8.0;
				LD_RUNPATH_SEARCH_PATHS = "$(inherited) @executable_path/Frameworks";
				PRODUCT_BUNDLE_IDENTIFIER = com.sysxit.coopmall;
				PRODUCT_NAME = MyTest;
			};
			name = Debug;
		};
		4C6E9A6D1C965ECC00692DDC /* Release */ = {
			isa = XCBuildConfiguration;
			buildSettings = {
				ASSETCATALOG_COMPILER_APPICON_NAME = AppIcon;
				INFOPLIST_FILE = MyTest/Info.plist;
				IPHONEOS_DEPLOYMENT_TARGET = 8.0;
				LD_RUNPATH_SEARCH_PATHS = "$(inherited) @executable_path/Frameworks";
				PRODUCT_BUNDLE_IDENTIFIER = com.sysxit.coopmall;
				PRODUCT_NAME = MyTest;
			};
			name = Release;
		};
/* End XCBuildConfiguration section */

/* Begin XCConfigurationList section */
		4C6E9A4F1C965ECC00692DDC /* Build configuration list for PBXProject "MyTest" */ = {
			isa = XCConfigurationList;
			buildConfigurations = (
				4C6E9A691C965ECC00692DDC /* Debug */,
				4C6E9A6A1C965ECC00692DDC /* Release */,
			);
			defaultConfigurationIsVisible = 0;
			defaultConfigurationName = Release;
		};
		4C6E9A6B1C965ECC00692DDC /* Build configuration list for PBXNativeTarget "MyTest" */ = {
			isa = XCConfigurationList;
			buildConfigurations = (
				4C6E9A6C1C965ECC00692DDC /* Debug */,
				4C6E9A6D1C965ECC00692DDC /* Release */,
			);
			defaultConfigurationIsVisible = 0;
			defaultConfigurationName = Release;
		};
/* End XCConfigurationList section */

/* Begin XCVersionGroup section */
		4CF681501C9A97BD000591DA /* myDatabase.xcdatamodeld */ = {
			isa = XCVersionGroup;
			children = (
				4CF681511C9A97BD000591DA /* myDatabase.xcdatamodel */,
			);
			currentVersion = 4CF681511C9A97BD000591DA /* myDatabase.xcdatamodel */;
			path = myDatabase.xcdatamodeld;
			sourceTree = "<group>";
			versionGroupType = wrapper.xcdatamodel;
		};
/* End XCVersionGroup section */
	};
	rootObject = 4C6E9A4C1C965ECC00692DDC /* Project object */;
}
